// !$*UTF8*$!
{
	archiveVersion = 1;
	classes = {
	};
	objectVersion = 48;
	objects = {

/* Begin PBXBuildFile section */
		496632821F9809EC00AD11A2 /* AppDelegate.m in Sources */ = {isa = PBXBuildFile; fileRef = 496632811F9809EC00AD11A2 /* AppDelegate.m */; };
		496632881F9809EC00AD11A2 /* Main.storyboard in Resources */ = {isa = PBXBuildFile; fileRef = 496632861F9809EC00AD11A2 /* Main.storyboard */; };
		4966328A1F9809EC00AD11A2 /* Assets.xcassets in Resources */ = {isa = PBXBuildFile; fileRef = 496632891F9809EC00AD11A2 /* Assets.xcassets */; };
		4966328D1F9809EC00AD11A2 /* LaunchScreen.storyboard in Resources */ = {isa = PBXBuildFile; fileRef = 4966328B1F9809EC00AD11A2 /* LaunchScreen.storyboard */; };
		496632901F9809EC00AD11A2 /* main.m in Sources */ = {isa = PBXBuildFile; fileRef = 4966328F1F9809EC00AD11A2 /* main.m */; };
		496632981F980BEA00AD11A2 /* Photo.m in Sources */ = {isa = PBXBuildFile; fileRef = 496632971F980BEA00AD11A2 /* Photo.m */; };
		4966329B1F980F8500AD11A2 /* PhotoManager.m in Sources */ = {isa = PBXBuildFile; fileRef = 4966329A1F980F8500AD11A2 /* PhotoManager.m */; };
		4966329E1F98200600AD11A2 /* PhotoCollectionViewController.m in Sources */ = {isa = PBXBuildFile; fileRef = 4966329D1F98200600AD11A2 /* PhotoCollectionViewController.m */; };
		496632A11F98243E00AD11A2 /* PhotoCollectionViewCell.m in Sources */ = {isa = PBXBuildFile; fileRef = 496632A01F98243E00AD11A2 /* PhotoCollectionViewCell.m */; };
		496632A61F98437400AD11A2 /* HeaderCollectionReusableView.m in Sources */ = {isa = PBXBuildFile; fileRef = 496632A51F98437400AD11A2 /* HeaderCollectionReusableView.m */; };
/* End PBXBuildFile section */

/* Begin PBXFileReference section */
		4966327D1F9809EC00AD11A2 /* InstaKilo.app */ = {isa = PBXFileReference; explicitFileType = wrapper.application; includeInIndex = 0; path = InstaKilo.app; sourceTree = BUILT_PRODUCTS_DIR; };
		496632801F9809EC00AD11A2 /* AppDelegate.h */ = {isa = PBXFileReference; lastKnownFileType = sourcecode.c.h; path = AppDelegate.h; sourceTree = "<group>"; };
		496632811F9809EC00AD11A2 /* AppDelegate.m */ = {isa = PBXFileReference; lastKnownFileType = sourcecode.c.objc; path = AppDelegate.m; sourceTree = "<group>"; };
		496632871F9809EC00AD11A2 /* Base */ = {isa = PBXFileReference; lastKnownFileType = file.storyboard; name = Base; path = Base.lproj/Main.storyboard; sourceTree = "<group>"; };
		496632891F9809EC00AD11A2 /* Assets.xcassets */ = {isa = PBXFileReference; lastKnownFileType = folder.assetcatalog; path = Assets.xcassets; sourceTree = "<group>"; };
		4966328C1F9809EC00AD11A2 /* Base */ = {isa = PBXFileReference; lastKnownFileType = file.storyboard; name = Base; path = Base.lproj/LaunchScreen.storyboard; sourceTree = "<group>"; };
		4966328E1F9809EC00AD11A2 /* Info.plist */ = {isa = PBXFileReference; lastKnownFileType = text.plist.xml; path = Info.plist; sourceTree = "<group>"; };
		4966328F1F9809EC00AD11A2 /* main.m */ = {isa = PBXFileReference; lastKnownFileType = sourcecode.c.objc; path = main.m; sourceTree = "<group>"; };
		496632961F980BEA00AD11A2 /* Photo.h */ = {isa = PBXFileReference; lastKnownFileType = sourcecode.c.h; path = Photo.h; sourceTree = "<group>"; };
		496632971F980BEA00AD11A2 /* Photo.m */ = {isa = PBXFileReference; lastKnownFileType = sourcecode.c.objc; path = Photo.m; sourceTree = "<group>"; };
		496632991F980F8500AD11A2 /* PhotoManager.h */ = {isa = PBXFileReference; lastKnownFileType = sourcecode.c.h; path = PhotoManager.h; sourceTree = "<group>"; };
		4966329A1F980F8500AD11A2 /* PhotoManager.m */ = {isa = PBXFileReference; lastKnownFileType = sourcecode.c.objc; path = PhotoManager.m; sourceTree = "<group>"; };
		4966329C1F98200600AD11A2 /* PhotoCollectionViewController.h */ = {isa = PBXFileReference; lastKnownFileType = sourcecode.c.h; path = PhotoCollectionViewController.h; sourceTree = "<group>"; };
		4966329D1F98200600AD11A2 /* PhotoCollectionViewController.m */ = {isa = PBXFileReference; lastKnownFileType = sourcecode.c.objc; path = PhotoCollectionViewController.m; sourceTree = "<group>"; };
		4966329F1F98243E00AD11A2 /* PhotoCollectionViewCell.h */ = {isa = PBXFileReference; lastKnownFileType = sourcecode.c.h; path = PhotoCollectionViewCell.h; sourceTree = "<group>"; };
		496632A01F98243E00AD11A2 /* PhotoCollectionViewCell.m */ = {isa = PBXFileReference; lastKnownFileType = sourcecode.c.objc; path = PhotoCollectionViewCell.m; sourceTree = "<group>"; };
		496632A41F98437400AD11A2 /* HeaderCollectionReusableView.h */ = {isa = PBXFileReference; lastKnownFileType = sourcecode.c.h; path = HeaderCollectionReusableView.h; sourceTree = "<group>"; };
		496632A51F98437400AD11A2 /* HeaderCollectionReusableView.m */ = {isa = PBXFileReference; lastKnownFileType = sourcecode.c.objc; path = HeaderCollectionReusableView.m; sourceTree = "<group>"; };
/* End PBXFileReference section */

/* Begin PBXFrameworksBuildPhase section */
		4966327A1F9809EC00AD11A2 /* Frameworks */ = {
			isa = PBXFrameworksBuildPhase;
			buildActionMask = 2147483647;
			files = (
			);
			runOnlyForDeploymentPostprocessing = 0;
		};
/* End PBXFrameworksBuildPhase section */

/* Begin PBXGroup section */
		496632741F9809EC00AD11A2 = {
			isa = PBXGroup;
			children = (
				4966327F1F9809EC00AD11A2 /* InstaKilo */,
				4966327E1F9809EC00AD11A2 /* Products */,
			);
			sourceTree = "<group>";
		};
		4966327E1F9809EC00AD11A2 /* Products */ = {
			isa = PBXGroup;
			children = (
				4966327D1F9809EC00AD11A2 /* InstaKilo.app */,
			);
			name = Products;
			sourceTree = "<group>";
		};
		4966327F1F9809EC00AD11A2 /* InstaKilo */ = {
			isa = PBXGroup;
			children = (
				496632801F9809EC00AD11A2 /* AppDelegate.h */,
				496632811F9809EC00AD11A2 /* AppDelegate.m */,
				496632861F9809EC00AD11A2 /* Main.storyboard */,
				496632A41F98437400AD11A2 /* HeaderCollectionReusableView.h */,
				496632A51F98437400AD11A2 /* HeaderCollectionReusableView.m */,
				4966329F1F98243E00AD11A2 /* PhotoCollectionViewCell.h */,
				496632A01F98243E00AD11A2 /* PhotoCollectionViewCell.m */,
				4966329C1F98200600AD11A2 /* PhotoCollectionViewController.h */,
				4966329D1F98200600AD11A2 /* PhotoCollectionViewController.m */,
				496632961F980BEA00AD11A2 /* Photo.h */,
				496632971F980BEA00AD11A2 /* Photo.m */,
				496632991F980F8500AD11A2 /* PhotoManager.h */,
				4966329A1F980F8500AD11A2 /* PhotoManager.m */,
				496632891F9809EC00AD11A2 /* Assets.xcassets */,
				4966328B1F9809EC00AD11A2 /* LaunchScreen.storyboard */,
				4966328E1F9809EC00AD11A2 /* Info.plist */,
				4966328F1F9809EC00AD11A2 /* main.m */,
			);
			path = InstaKilo;
			sourceTree = "<group>";
		};
/* End PBXGroup section */

/* Begin PBXNativeTarget section */
		4966327C1F9809EC00AD11A2 /* InstaKilo */ = {
			isa = PBXNativeTarget;
			buildConfigurationList = 496632931F9809EC00AD11A2 /* Build configuration list for PBXNativeTarget "InstaKilo" */;
			buildPhases = (
				496632791F9809EC00AD11A2 /* Sources */,
				4966327A1F9809EC00AD11A2 /* Frameworks */,
				4966327B1F9809EC00AD11A2 /* Resources */,
			);
			buildRules = (
			);
			dependencies = (
			);
			name = InstaKilo;
			productName = InstaKilo;
			productReference = 4966327D1F9809EC00AD11A2 /* InstaKilo.app */;
			productType = "com.apple.product-type.application";
		};
/* End PBXNativeTarget section */

/* Begin PBXProject section */
		496632751F9809EC00AD11A2 /* Project object */ = {
			isa = PBXProject;
			attributes = {
				LastUpgradeCheck = 0900;
				ORGANIZATIONNAME = Andrew;
				TargetAttributes = {
					4966327C1F9809EC00AD11A2 = {
						CreatedOnToolsVersion = 9.0;
						ProvisioningStyle = Automatic;
					};
				};
			};
			buildConfigurationList = 496632781F9809EC00AD11A2 /* Build configuration list for PBXProject "InstaKilo" */;
			compatibilityVersion = "Xcode 8.0";
			developmentRegion = en;
			hasScannedForEncodings = 0;
			knownRegions = (
				en,
				Base,
			);
			mainGroup = 496632741F9809EC00AD11A2;
			productRefGroup = 4966327E1F9809EC00AD11A2 /* Products */;
			projectDirPath = "";
			projectRoot = "";
			targets = (
				4966327C1F9809EC00AD11A2 /* InstaKilo */,
			);
		};
/* End PBXProject section */

/* Begin PBXResourcesBuildPhase section */
		4966327B1F9809EC00AD11A2 /* Resources */ = {
			isa = PBXResourcesBuildPhase;
			buildActionMask = 2147483647;
			files = (
				4966328D1F9809EC00AD11A2 /* LaunchScreen.storyboard in Resources */,
				4966328A1F9809EC00AD11A2 /* Assets.xcassets in Resources */,
				496632881F9809EC00AD11A2 /* Main.storyboard in Resources */,
			);
			runOnlyForDeploymentPostprocessing = 0;
		};
/* End PBXResourcesBuildPhase section */

/* Begin PBXSourcesBuildPhase section */
		496632791F9809EC00AD11A2 /* Sources */ = {
			isa = PBXSourcesBuildPhase;
			buildActionMask = 2147483647;
			files = (
				496632981F980BEA00AD11A2 /* Photo.m in Sources */,
				496632A61F98437400AD11A2 /* HeaderCollectionReusableView.m in Sources */,
				496632A11F98243E00AD11A2 /* PhotoCollectionViewCell.m in Sources */,
				4966329B1F980F8500AD11A2 /* PhotoManager.m in Sources */,
				4966329E1F98200600AD11A2 /* PhotoCollectionViewController.m in Sources */,
				496632901F9809EC00AD11A2 /* main.m in Sources */,
				496632821F9809EC00AD11A2 /* AppDelegate.m in Sources */,
			);
			runOnlyForDeploymentPostprocessing = 0;
		};
/* End PBXSourcesBuildPhase section */

/* Begin PBXVariantGroup section */
		496632861F9809EC00AD11A2 /* Main.storyboard */ = {
			isa = PBXVariantGroup;
			children = (
				496632871F9809EC00AD11A2 /* Base */,
			);
			name = Main.storyboard;
			sourceTree = "<group>";
		};
		4966328B1F9809EC00AD11A2 /* LaunchScreen.storyboard */ = {
			isa = PBXVariantGroup;
			children = (
				4966328C1F9809EC00AD11A2 /* Base */,
			);
			name = LaunchScreen.storyboard;
			sourceTree = "<group>";
		};
/* End PBXVariantGroup section */

/* Begin XCBuildConfiguration section */
		496632911F9809EC00AD11A2 /* Debug */ = {
			isa = XCBuildConfiguration;
			buildSettings = {
				ALWAYS_SEARCH_USER_PATHS = NO;
				CLANG_ANALYZER_NONNULL = YES;
				CLANG_ANALYZER_NUMBER_OBJECT_CONVERSION = YES_AGGRESSIVE;
				CLANG_CXX_LANGUAGE_STANDARD = "gnu++14";
				CLANG_CXX_LIBRARY = "libc++";
				CLANG_ENABLE_MODULES = YES;
				CLANG_ENABLE_OBJC_ARC = YES;
				CLANG_WARN_BLOCK_CAPTURE_AUTORELEASING = YES;
				CLANG_WARN_BOOL_CONVERSION = YES;
				CLANG_WARN_COMMA = YES;
				CLANG_WARN_CONSTANT_CONVERSION = YES;
				CLANG_WARN_DIRECT_OBJC_ISA_USAGE = YES_ERROR;
				CLANG_WARN_DOCUMENTATION_COMMENTS = YES;
				CLANG_WARN_EMPTY_BODY = YES;
				CLANG_WARN_ENUM_CONVERSION = YES;
				CLANG_WARN_INFINITE_RECURSION = YES;
				CLANG_WARN_INT_CONVERSION = YES;
				CLANG_WARN_NON_LITERAL_NULL_CONVERSION = YES;
				CLANG_WARN_OBJC_LITERAL_CONVERSION = YES;
				CLANG_WARN_OBJC_ROOT_CLASS = YES_ERROR;
				CLANG_WARN_RANGE_LOOP_ANALYSIS = YES;
				CLANG_WARN_STRICT_PROTOTYPES = YES;
				CLANG_WARN_SUSPICIOUS_MOVE = YES;
				CLANG_WARN_UNGUARDED_AVAILABILITY = YES_AGGRESSIVE;
				CLANG_WARN_UNREACHABLE_CODE = YES;
				CLANG_WARN__DUPLICATE_METHOD_MATCH = YES;
				CODE_SIGN_IDENTITY = "iPhone Developer";
				COPY_PHASE_STRIP = NO;
				DEBUG_INFORMATION_FORMAT = dwarf;
				ENABLE_STRICT_OBJC_MSGSEND = YES;
				ENABLE_TESTABILITY = YES;
				GCC_C_LANGUAGE_STANDARD = gnu11;
				GCC_DYNAMIC_NO_PIC = NO;
				GCC_NO_COMMON_BLOCKS = YES;
				GCC_OPTIMIZATION_LEVEL = 0;
				GCC_PREPROCESSOR_DEFINITIONS = (
					"DEBUG=1",
					"$(inherited)",
				);
				GCC_WARN_64_TO_32_BIT_CONVERSION = YES;
				GCC_WARN_ABOUT_RETURN_TYPE = YES_ERROR;
				GCC_WARN_UNDECLARED_SELECTOR = YES;
				GCC_WARN_UNINITIALIZED_AUTOS = YES_AGGRESSIVE;
				GCC_WARN_UNUSED_FUNCTION = YES;
				GCC_WARN_UNUSED_VARIABLE = YES;
				IPHONEOS_DEPLOYMENT_TARGET = 11.0;
				MTL_ENABLE_DEBUG_INFO = YES;
				ONLY_ACTIVE_ARCH = YES;
				SDKROOT = iphoneos;
			};
			name = Debug;
		};
		496632921F9809EC00AD11A2 /* Release */ = {
			isa = XCBuildConfiguration;
			buildSettings = {
				ALWAYS_SEARCH_USER_PATHS = NO;
				CLANG_ANALYZER_NONNULL = YES;
				CLANG_ANALYZER_NUMBER_OBJECT_CONVERSION = YES_AGGRESSIVE;
				CLANG_CXX_LANGUAGE_STANDARD = "gnu++14";
				CLANG_CXX_LIBRARY = "libc++";
				CLANG_ENABLE_MODULES = YES;
				CLANG_ENABLE_OBJC_ARC = YES;
				CLANG_WARN_BLOCK_CAPTURE_AUTORELEASING = YES;
				CLANG_WARN_BOOL_CONVERSION = YES;
				CLANG_WARN_COMMA = YES;
				CLANG_WARN_CONSTANT_CONVERSION = YES;
				CLANG_WARN_DIRECT_OBJC_ISA_USAGE = YES_ERROR;
				CLANG_WARN_DOCUMENTATION_COMMENTS = YES;
				CLANG_WARN_EMPTY_BODY = YES;
				CLANG_WARN_ENUM_CONVERSION = YES;
				CLANG_WARN_INFINITE_RECURSION = YES;
				CLANG_WARN_INT_CONVERSION = YES;
				CLANG_WARN_NON_LITERAL_NULL_CONVERSION = YES;
				CLANG_WARN_OBJC_LITERAL_CONVERSION = YES;
				CLANG_WARN_OBJC_ROOT_CLASS = YES_ERROR;
				CLANG_WARN_RANGE_LOOP_ANALYSIS = YES;
				CLANG_WARN_STRICT_PROTOTYPES = YES;
				CLANG_WARN_SUSPICIOUS_MOVE = YES;
				CLANG_WARN_UNGUARDED_AVAILABILITY = YES_AGGRESSIVE;
				CLANG_WARN_UNREACHABLE_CODE = YES;
				CLANG_WARN__DUPLICATE_METHOD_MATCH = YES;
				CODE_SIGN_IDENTITY = "iPhone Developer";
				COPY_PHASE_STRIP = NO;
				DEBUG_INFORMATION_FORMAT = "dwarf-with-dsym";
				ENABLE_NS_ASSERTIONS = NO;
				ENABLE_STRICT_OBJC_MSGSEND = YES;
				GCC_C_LANGUAGE_STANDARD = gnu11;
				GCC_NO_COMMON_BLOCKS = YES;
				GCC_WARN_64_TO_32_BIT_CONVERSION = YES;
				GCC_WARN_ABOUT_RETURN_TYPE = YES_ERROR;
				GCC_WARN_UNDECLARED_SELECTOR = YES;
				GCC_WARN_UNINITIALIZED_AUTOS = YES_AGGRESSIVE;
				GCC_WARN_UNUSED_FUNCTION = YES;
				GCC_WARN_UNUSED_VARIABLE = YES;
				IPHONEOS_DEPLOYMENT_TARGET = 11.0;
				MTL_ENABLE_DEBUG_INFO = NO;
				SDKROOT = iphoneos;
				VALIDATE_PRODUCT = YES;
			};
			name = Release;
		};
		496632941F9809EC00AD11A2 /* Debug */ = {
			isa = XCBuildConfiguration;
			buildSettings = {
				ASSETCATALOG_COMPILER_APPICON_NAME = AppIcon;
				CODE_SIGN_STYLE = Automatic;
				DEVELOPMENT_TEAM = T5E8L2XP69;
				INFOPLIST_FILE = InstaKilo/Info.plist;
				LD_RUNPATH_SEARCH_PATHS = "$(inherited) @executable_path/Frameworks";
				PRODUCT_BUNDLE_IDENTIFIER = hearthedge.InstaKilo;
				PRODUCT_NAME = "$(TARGET_NAME)";
				TARGETED_DEVICE_FAMILY = 1;
			};
			name = Debug;
		};
		496632951F9809EC00AD11A2 /* Release */ = {
			isa = XCBuildConfiguration;
			buildSettings = {
				ASSETCATALOG_COMPILER_APPICON_NAME = AppIcon;
				CODE_SIGN_STYLE = Automatic;
				DEVELOPMENT_TEAM = T5E8L2XP69;
				INFOPLIST_FILE = InstaKilo/Info.plist;
				LD_RUNPATH_SEARCH_PATHS = "$(inherited) @executable_path/Frameworks";
				PRODUCT_BUNDLE_IDENTIFIER = hearthedge.InstaKilo;
				PRODUCT_NAME = "$(TARGET_NAME)";
				TARGETED_DEVICE_FAMILY = 1;
			};
			name = Release;
		};
/* End XCBuildConfiguration section */

/* Begin XCConfigurationList section */
		496632781F9809EC00AD11A2 /* Build configuration list for PBXProject "InstaKilo" */ = {
			isa = XCConfigurationList;
			buildConfigurations = (
				496632911F9809EC00AD11A2 /* Debug */,
				496632921F9809EC00AD11A2 /* Release */,
			);
			defaultConfigurationIsVisible = 0;
			defaultConfigurationName = Release;
		};
		496632931F9809EC00AD11A2 /* Build configuration list for PBXNativeTarget "InstaKilo" */ = {
			isa = XCConfigurationList;
			buildConfigurations = (
				496632941F9809EC00AD11A2 /* Debug */,
				496632951F9809EC00AD11A2 /* Release */,
			);
			defaultConfigurationIsVisible = 0;
			defaultConfigurationName = Release;
		};
/* End XCConfigurationList section */
	};
	rootObject = 496632751F9809EC00AD11A2 /* Project object */;
}
